# THIS IS AN AUTOGENERATED FILE. DO NOT EDIT THIS FILE DIRECTLY.
# yarn lockfile v1


"@jridgewell/gen-mapping@^0.3.5":
  "integrity" "sha512-imAbBGkb+ebQyxKgzv5Hu2nmROxoDOXHh80evxdoXNOrvAnVx7zimzc1Oo5h9RlfV4vPXaE2iM5pOFbvOCClWA=="
  "resolved" "https://registry.npmjs.org/@jridgewell/gen-mapping/-/gen-mapping-0.3.8.tgz"
  "version" "0.3.8"
  dependencies:
    "@jridgewell/set-array" "^1.2.1"
    "@jridgewell/sourcemap-codec" "^1.4.10"
    "@jridgewell/trace-mapping" "^0.3.24"

"@jridgewell/resolve-uri@^3.1.0":
  "integrity" "sha512-bRISgCIjP20/tbWSPWMEi54QVPRZExkuD9lJL+UIxUKtwVJA8wW1Trb1jMs1RFXo1CBTNZ/5hpC9QvmKWdopKw=="
  "resolved" "https://registry.npmjs.org/@jridgewell/resolve-uri/-/resolve-uri-3.1.2.tgz"
  "version" "3.1.2"

"@jridgewell/set-array@^1.2.1":
  "integrity" "sha512-R8gLRTZeyp03ymzP/6Lil/28tGeGEzhx1q2k703KGWRAI1VdvPIXdG70VJc2pAMw3NA6JKL5hhFu1sJX0Mnn/A=="
  "resolved" "https://registry.npmjs.org/@jridgewell/set-array/-/set-array-1.2.1.tgz"
  "version" "1.2.1"

"@jridgewell/source-map@^0.3.3":
  "integrity" "sha512-1ZJTZebgqllO79ue2bm3rIGud/bOe0pP5BjSRCRxxYkEZS8STV7zN84UBbiYu7jy+eCKSnVIUgoWWE/tt+shMQ=="
  "resolved" "https://registry.npmjs.org/@jridgewell/source-map/-/source-map-0.3.6.tgz"
  "version" "0.3.6"
  dependencies:
    "@jridgewell/gen-mapping" "^0.3.5"
    "@jridgewell/trace-mapping" "^0.3.25"

"@jridgewell/sourcemap-codec@^1.4.10", "@jridgewell/sourcemap-codec@^1.4.14":
  "integrity" "sha512-gv3ZRaISU3fjPAgNsriBRqGWQL6quFx04YMPW/zD8XMLsU32mhCCbfbO6KZFLjvYpCZ8zyDEgqsgf+PwPaM7GQ=="
  "resolved" "https://registry.npmjs.org/@jridgewell/sourcemap-codec/-/sourcemap-codec-1.5.0.tgz"
  "version" "1.5.0"

"@jridgewell/trace-mapping@^0.3.24", "@jridgewell/trace-mapping@^0.3.25":
  "integrity" "sha512-vNk6aEwybGtawWmy/PzwnGDOjCkLWSD2wqvjGGAgOAwCGWySYXfYoxt00IJkTF+8Lb57DwOb3Aa0o9CApepiYQ=="
  "resolved" "https://registry.npmjs.org/@jridgewell/trace-mapping/-/trace-mapping-0.3.25.tgz"
  "version" "0.3.25"
  dependencies:
    "@jridgewell/resolve-uri" "^3.1.0"
    "@jridgewell/sourcemap-codec" "^1.4.14"

"@minecraft/common@^1.0.0", "@minecraft/common@^1.1.0":
  "integrity" "sha512-stbUtINCXbcLNRlGNVX68xRC6ZYq3k3CYmfptwrCcPBEUjVOpVkSj3H4Y0qiSYB+1rVWv7DgiP7Uf9++50Ne5g=="
  "resolved" "https://registry.npmjs.org/@minecraft/common/-/common-1.1.0.tgz"
  "version" "1.1.0"

"@minecraft/server-ui@^2.0.0-beta.1.21.80-preview.27":
  "integrity" "sha512-XfTCCd/ZixlDkhYk2wHBDfser+QtxqM3Vq1DBtxu/JsSdcJM2rsIHPmWPjm+S/CWFg/X8GuWzYTWGn16P9RHNg=="
  "resolved" "https://registry.npmjs.org/@minecraft/server-ui/-/server-ui-2.0.0-beta.1.21.80-preview.27.tgz"
  "version" "2.0.0-beta.1.21.80-preview.27"
  dependencies:
    "@minecraft/common" "^1.0.0"
    "@minecraft/server" "^2.0.0-beta.1.21.80-preview.27"

"@minecraft/server@^2.0.0-beta.1.21.80-preview.27":
  "integrity" "sha512-rnbpW+SX8fuUAsnAYCyxHQ0iS/P2iCga/HIOb3ff4RXUsypiPjTFFxKzQ6/ABN7dV0OdOsHFq19JmefcjfFSMA=="
  "resolved" "https://registry.npmjs.org/@minecraft/server/-/server-2.0.0-beta.1.21.80-preview.27.tgz"
  "version" "2.0.0-beta.1.21.80-preview.27"
  dependencies:
    "@minecraft/common" "^1.1.0"

"@minecraft/vanilla-data@>=1.20.70":
  "integrity" "sha512-FXUx5hPkIcLsbIXlBrCw5JPGo1V3RwHE7I1qYjD/Z+HlajRJPHy9UzYwTcei+aRQW5NWR8Zg0vIhP3l2+Q2aMA=="
  "resolved" "https://registry.npmjs.org/@minecraft/vanilla-data/-/vanilla-data-1.21.62.tgz"
  "version" "1.21.62"

"@rollup/plugin-node-resolve@^16.0.0":
  "integrity" "sha512-0FPvAeVUT/zdWoO0jnb/V5BlBsUSNfkIOtFHzMO4H9MOklrmQFY6FduVHKucNb/aTFxvnGhj4MNj/T1oNdDfNg=="
  "resolved" "https://registry.npmjs.org/@rollup/plugin-node-resolve/-/plugin-node-resolve-16.0.0.tgz"
  "version" "16.0.0"
  dependencies:
    "@rollup/pluginutils" "^5.0.1"
    "@types/resolve" "1.20.2"
    "deepmerge" "^4.2.2"
    "is-module" "^1.0.0"
    "resolve" "^1.22.1"

"@rollup/plugin-terser@^0.4.4":
  "integrity" "sha512-XHeJC5Bgvs8LfukDwWZp7yeqin6ns8RTl2B9avbejt6tZqsqvVoWI7ZTQrcNsfKEDWBTnTxM8nMDkO2IFFbd0A=="
  "resolved" "https://registry.npmjs.org/@rollup/plugin-terser/-/plugin-terser-0.4.4.tgz"
  "version" "0.4.4"
  dependencies:
    "serialize-javascript" "^6.0.1"
    "smob" "^1.0.0"
    "terser" "^5.17.4"

"@rollup/pluginutils@^5.0.1":
  "integrity" "sha512-USm05zrsFxYLPdWWq+K3STlWiT/3ELn3RcV5hJMghpeAIhxfsUIg6mt12CBJBInWMV4VneoV7SfGv8xIwo2qNQ=="
  "resolved" "https://registry.npmjs.org/@rollup/pluginutils/-/pluginutils-5.1.4.tgz"
  "version" "5.1.4"
  dependencies:
    "@types/estree" "^1.0.0"
    "estree-walker" "^2.0.2"
    "picomatch" "^4.0.2"

"@rollup/rollup-win32-x64-msvc@4.34.1":
  "integrity" "sha512-k3MVFD9Oq+laHkw2N2v7ILgoa9017ZMF/inTtHzyTVZjYs9cSH18sdyAf6spBAJIGwJ5UaC7et2ZH1WCdlhkMw=="
  "resolved" "https://registry.npmjs.org/@rollup/rollup-win32-x64-msvc/-/rollup-win32-x64-msvc-4.34.1.tgz"
  "version" "4.34.1"

"@types/estree@^1.0.0", "@types/estree@1.0.6":
  "integrity" "sha512-AYnb1nQyY49te+VRAVgmzfcgjYS91mY5P0TKUDCLEM+gNnA+3T6rWITXRLYCpahpqSQbN5cE+gHpnPyXjHWxcw=="
  "resolved" "https://registry.npmjs.org/@types/estree/-/estree-1.0.6.tgz"
  "version" "1.0.6"

"@types/resolve@1.20.2":
  "integrity" "sha512-60BCwRFOZCQhDncwQdxxeOEEkbc5dIMccYLwbxsS4TUNeVECQ/pBJ0j09mrHOl/JJvpRPGwO9SvE4nR2Nb/a4Q=="
  "resolved" "https://registry.npmjs.org/@types/resolve/-/resolve-1.20.2.tgz"
  "version" "1.20.2"

"acorn@^8.8.2":
  "integrity" "sha512-cl669nCJTZBsL97OF4kUQm5g5hC2uihk0NxY3WENAC0TYdILVkAyHymAntgxGkl7K+t0cXIrH5siy5S4XkFycA=="
  "resolved" "https://registry.npmjs.org/acorn/-/acorn-8.14.0.tgz"
  "version" "8.14.0"

"ansi-regex@^5.0.1":
  "integrity" "sha512-quJQXlTSUGL2LH9SUXo8VwsY4soanhgo6LNSm84E1LBcE8s3O0wpdiRzyR9z/ZZJMlMWv37qOOb9pdJlMUEKFQ=="
  "resolved" "https://registry.npmjs.org/ansi-regex/-/ansi-regex-5.0.1.tgz"
  "version" "5.0.1"

"ansi-styles@^4.0.0":
  "integrity" "sha512-zbB9rCJAT1rbjiVDb2hqKFHNYLxgtk8NURxZ3IZwD3F6NtxbXZQCnnSi1Lkx+IDohdPlFp222wVALIheZJQSEg=="
  "resolved" "https://registry.npmjs.org/ansi-styles/-/ansi-styles-4.3.0.tgz"
  "version" "4.3.0"
  dependencies:
    "color-convert" "^2.0.1"

"buffer-from@^1.0.0":
  "integrity" "sha512-E+XQCRwSbaaiChtv6k6Dwgc+bx+Bs6vuKJHHl5kox/BaKbhiXzqQOwK4cO22yElGp2OCmjwVhT3HmxgyPGnJfQ=="
  "resolved" "https://registry.npmjs.org/buffer-from/-/buffer-from-1.1.2.tgz"
  "version" "1.1.2"

"cliui@^8.0.1":
  "integrity" "sha512-BSeNnyus75C4//NQ9gQt1/csTXyo/8Sb+afLAkzAptFuMsod9HFokGNudZpi/oQV73hnVK+sR+5PVRMd+Dr7YQ=="
  "resolved" "https://registry.npmjs.org/cliui/-/cliui-8.0.1.tgz"
  "version" "8.0.1"
  dependencies:
    "string-width" "^4.2.0"
    "strip-ansi" "^6.0.1"
    "wrap-ansi" "^7.0.0"

"color-convert@^2.0.1":
  "integrity" "sha512-RRECPsj7iu/xb5oKYcsFHSppFNnsj/52OVTRKb4zP5onXwVF3zVmmToNcOfGC+CRDpfK/U584fMg38ZHCaElKQ=="
  "resolved" "https://registry.npmjs.org/color-convert/-/color-convert-2.0.1.tgz"
  "version" "2.0.1"
  dependencies:
    "color-name" "~1.1.4"

"color-name@~1.1.4":
  "integrity" "sha512-dOy+3AuW3a2wNbZHIuMZpTcgjGuLU/uBL/ubcZF9OXbDo8ff4O8yVp5Bf0efS8uEoYo5q4Fx7dY9OgQGXgAsQA=="
  "resolved" "https://registry.npmjs.org/color-name/-/color-name-1.1.4.tgz"
  "version" "1.1.4"

"commander@^2.20.0":
  "integrity" "sha512-GpVkmM8vF2vQUkj2LvZmD35JxeJOLCwJ9cUkugyk2nuhbv3+mJvpLYYt+0+USMxE+oj+ey/lJEnhZw75x/OMcQ=="
  "resolved" "https://registry.npmjs.org/commander/-/commander-2.20.3.tgz"
  "version" "2.20.3"

"deepmerge@^4.2.2":
  "integrity" "sha512-3sUqbMEc77XqpdNO7FRyRog+eW3ph+GYCbj+rK+uYyRMuwsVy0rMiVtPn+QJlKFvWP/1PYpapqYn0Me2knFn+A=="
  "resolved" "https://registry.npmjs.org/deepmerge/-/deepmerge-4.3.1.tgz"
  "version" "4.3.1"

"define-lazy-prop@^2.0.0":
  "integrity" "sha512-Ds09qNh8yw3khSjiJjiUInaGX9xlqZDY7JVryGxdxV7NPeuqQfplOpQ66yJFZut3jLa5zOwkXw1g9EI2uKh4Og=="
  "resolved" "https://registry.npmjs.org/define-lazy-prop/-/define-lazy-prop-2.0.0.tgz"
  "version" "2.0.0"

"emoji-regex@^8.0.0":
  "integrity" "sha512-MSjYzcWNOA0ewAHpz0MxpYFvwg6yjy1NG3xteoqz644VCo/RPgnr1/GGt+ic3iJTzQ8Eu3TdM14SawnVUmGE6A=="
  "resolved" "https://registry.npmjs.org/emoji-regex/-/emoji-regex-8.0.0.tgz"
  "version" "8.0.0"

"escalade@^3.1.1":
  "integrity" "sha512-WUj2qlxaQtO4g6Pq5c29GTcWGDyd8itL8zTlipgECz3JesAiiOKotd8JU6otB3PACgG6xkJUyVhboMS+bje/jA=="
  "resolved" "https://registry.npmjs.org/escalade/-/escalade-3.2.0.tgz"
  "version" "3.2.0"

"estree-walker@^2.0.2":
  "integrity" "sha512-Rfkk/Mp/DL7JVje3u18FxFujQlTNR2q6QfMSMB7AvCBx91NGj/ba3kCfza0f6dVDbw7YlRf/nDrn7pQrCCyQ/w=="
  "resolved" "https://registry.npmjs.org/estree-walker/-/estree-walker-2.0.2.tgz"
  "version" "2.0.2"

"function-bind@^1.1.2":
  "integrity" "sha512-7XHNxH7qX9xG5mIwxkhumTox/MIRNcOgDrxWsMt2pAr23WHp6MrRlN7FBSFpCpr+oVO0F744iUgR82nJMfG2SA=="
  "resolved" "https://registry.npmjs.org/function-bind/-/function-bind-1.1.2.tgz"
  "version" "1.1.2"

"get-caller-file@^2.0.5":
  "integrity" "sha512-DyFP3BM/3YHTQOCUL/w0OZHR0lpKeGrxotcHWcqNEdnltqFwXVfhEBQ94eIo34AfQpo0rGki4cyIiftY06h2Fg=="
  "resolved" "https://registry.npmjs.org/get-caller-file/-/get-caller-file-2.0.5.tgz"
  "version" "2.0.5"

"hasown@^2.0.2":
  "integrity" "sha512-0hJU9SCPvmMzIBdZFqNPXWa6dqh7WdH0cII9y+CyS8rG3nL48Bclra9HmKhVVUHyPWNH5Y7xDwAB7bfgSjkUMQ=="
  "resolved" "https://registry.npmjs.org/hasown/-/hasown-2.0.2.tgz"
  "version" "2.0.2"
  dependencies:
    "function-bind" "^1.1.2"

"is-core-module@^2.16.0":
  "integrity" "sha512-UfoeMA6fIJ8wTYFEUjelnaGI67v6+N7qXJEvQuIGa99l4xsCruSYOVSQ0uPANn4dAzm8lkYPaKLrrijLq7x23w=="
  "resolved" "https://registry.npmjs.org/is-core-module/-/is-core-module-2.16.1.tgz"
  "version" "2.16.1"
  dependencies:
    "hasown" "^2.0.2"

"is-docker@^2.0.0", "is-docker@^2.1.1":
  "integrity" "sha512-F+i2BKsFrH66iaUFc0woD8sLy8getkwTwtOBjvs56Cx4CgJDeKQeqfz8wAYiSb8JOprWhHH5p77PbmYCvvUuXQ=="
  "resolved" "https://registry.npmjs.org/is-docker/-/is-docker-2.2.1.tgz"
  "version" "2.2.1"

"is-fullwidth-code-point@^3.0.0":
  "integrity" "sha512-zymm5+u+sCsSWyD9qNaejV3DFvhCKclKdizYaJUuHA83RLjb7nSuGnddCHGv0hk+KY7BMAlsWeK4Ueg6EV6XQg=="
  "resolved" "https://registry.npmjs.org/is-fullwidth-code-point/-/is-fullwidth-code-point-3.0.0.tgz"
  "version" "3.0.0"

"is-module@^1.0.0":
  "integrity" "sha512-51ypPSPCoTEIN9dy5Oy+h4pShgJmPCygKfyRCISBI+JoWT/2oJvK8QPxmwv7b/p239jXrm9M1mlQbyKJ5A152g=="
  "resolved" "https://registry.npmjs.org/is-module/-/is-module-1.0.0.tgz"
  "version" "1.0.0"

"is-wsl@^2.2.0":
  "integrity" "sha512-fKzAra0rGJUUBwGBgNkHZuToZcn+TtXHpeCgmkMJMMYx1sQDYaCSyjJBSCa2nH1DGm7s3n1oBnohoVTBaN7Lww=="
  "resolved" "https://registry.npmjs.org/is-wsl/-/is-wsl-2.2.0.tgz"
  "version" "2.2.0"
  dependencies:
    "is-docker" "^2.0.0"

"open@^8.4.0":
  "integrity" "sha512-7x81NCL719oNbsq/3mh+hVrAWmFuEYUqrq/Iw3kUzH8ReypT9QQ0BLoJS7/G9k6N81XjW4qHWtjWwe/9eLy1EQ=="
  "resolved" "https://registry.npmjs.org/open/-/open-8.4.2.tgz"
  "version" "8.4.2"
  dependencies:
    "define-lazy-prop" "^2.0.0"
    "is-docker" "^2.1.1"
    "is-wsl" "^2.2.0"

"path-parse@^1.0.7":
  "integrity" "sha512-LDJzPVEEEPR+y48z93A0Ed0yXb8pAByGWo/k5YYdYgpY2/2EsOsksJrq7lOHxryrVOn1ejG6oAp8ahvOIQD8sw=="
  "resolved" "https://registry.npmjs.org/path-parse/-/path-parse-1.0.7.tgz"
  "version" "1.0.7"

"picomatch@^4.0.2":
  "integrity" "sha512-M7BAV6Rlcy5u+m6oPhAPFgJTzAioX/6B0DxyvDlo9l8+T3nLKbrczg2WLUyzd45L8RqfUMyGPzekbMvX2Ldkwg=="
  "resolved" "https://registry.npmjs.org/picomatch/-/picomatch-4.0.2.tgz"
  "version" "4.0.2"

"randombytes@^2.1.0":
  "integrity" "sha512-vYl3iOX+4CKUWuxGi9Ukhie6fsqXqS9FE2Zaic4tNFD2N2QQaXOMFbuKK4QmDHC0JO6B1Zp41J0LpT0oR68amQ=="
  "resolved" "https://registry.npmjs.org/randombytes/-/randombytes-2.1.0.tgz"
  "version" "2.1.0"
  dependencies:
    "safe-buffer" "^5.1.0"

"require-directory@^2.1.1":
  "integrity" "sha512-fGxEI7+wsG9xrvdjsrlmL22OMTTiHRwAMroiEeMgq8gzoLC/PQr7RsRDSTLUg/bZAZtF+TVIkHc6/4RIKrui+Q=="
  "resolved" "https://registry.npmjs.org/require-directory/-/require-directory-2.1.1.tgz"
  "version" "2.1.1"

"resolve@^1.22.1":
  "integrity" "sha512-NPRy+/ncIMeDlTAsuqwKIiferiawhefFJtkNSW0qZJEqMEb+qBt/77B/jGeeek+F0uOeN05CDa6HXbbIgtVX4w=="
  "resolved" "https://registry.npmjs.org/resolve/-/resolve-1.22.10.tgz"
  "version" "1.22.10"
  dependencies:
    "is-core-module" "^2.16.0"
    "path-parse" "^1.0.7"
    "supports-preserve-symlinks-flag" "^1.0.0"

"rollup-plugin-visualizer@^5.14.0":
  "integrity" "sha512-VlDXneTDaKsHIw8yzJAFWtrzguoJ/LnQ+lMpoVfYJ3jJF4Ihe5oYLAqLklIK/35lgUY+1yEzCkHyZ1j4A5w5fA=="
  "resolved" "https://registry.npmjs.org/rollup-plugin-visualizer/-/rollup-plugin-visualizer-5.14.0.tgz"
  "version" "5.14.0"
  dependencies:
    "open" "^8.4.0"
    "picomatch" "^4.0.2"
    "source-map" "^0.7.4"
    "yargs" "^17.5.1"

"rollup@^1.20.0||^2.0.0||^3.0.0||^4.0.0", "rollup@^2.0.0||^3.0.0||^4.0.0", "rollup@^2.78.0||^3.0.0||^4.0.0", "rollup@^4.34.1", "rollup@2.x || 3.x || 4.x":
  "integrity" "sha512-iYZ/+PcdLYSGfH3S+dGahlW/RWmsqDhLgj1BT9DH/xXJ0ggZN7xkdP9wipPNjjNLczI+fmMLmTB9pye+d2r4GQ=="
  "resolved" "https://registry.npmjs.org/rollup/-/rollup-4.34.1.tgz"
  "version" "4.34.1"
  dependencies:
    "@types/estree" "1.0.6"
  optionalDependencies:
    "@rollup/rollup-android-arm-eabi" "4.34.1"
    "@rollup/rollup-android-arm64" "4.34.1"
    "@rollup/rollup-darwin-arm64" "4.34.1"
    "@rollup/rollup-darwin-x64" "4.34.1"
    "@rollup/rollup-freebsd-arm64" "4.34.1"
    "@rollup/rollup-freebsd-x64" "4.34.1"
    "@rollup/rollup-linux-arm-gnueabihf" "4.34.1"
    "@rollup/rollup-linux-arm-musleabihf" "4.34.1"
    "@rollup/rollup-linux-arm64-gnu" "4.34.1"
    "@rollup/rollup-linux-arm64-musl" "4.34.1"
    "@rollup/rollup-linux-loongarch64-gnu" "4.34.1"
    "@rollup/rollup-linux-powerpc64le-gnu" "4.34.1"
    "@rollup/rollup-linux-riscv64-gnu" "4.34.1"
    "@rollup/rollup-linux-s390x-gnu" "4.34.1"
    "@rollup/rollup-linux-x64-gnu" "4.34.1"
    "@rollup/rollup-linux-x64-musl" "4.34.1"
    "@rollup/rollup-win32-arm64-msvc" "4.34.1"
    "@rollup/rollup-win32-ia32-msvc" "4.34.1"
    "@rollup/rollup-win32-x64-msvc" "4.34.1"
    "fsevents" "~2.3.2"

"safe-buffer@^5.1.0":
  "integrity" "sha512-rp3So07KcdmmKbGvgaNxQSJr7bGVSVk5S9Eq1F+ppbRo70+YeaDxkw5Dd8NPN+GD6bjnYm2VuPuCXmpuYvmCXQ=="
  "resolved" "https://registry.npmjs.org/safe-buffer/-/safe-buffer-5.2.1.tgz"
  "version" "5.2.1"

"serialize-javascript@^6.0.1":
  "integrity" "sha512-Saa1xPByTTq2gdeFZYLLo+RFE35NHZkAbqZeWNd3BpzppeVisAqpDjcp8dyf6uIvEqJRd46jemmyA4iFIeVk8g=="
  "resolved" "https://registry.npmjs.org/serialize-javascript/-/serialize-javascript-6.0.2.tgz"
  "version" "6.0.2"
  dependencies:
    "randombytes" "^2.1.0"

"smob@^1.0.0":
  "integrity" "sha512-g6T+p7QO8npa+/hNx9ohv1E5pVCmWrVCUzUXJyLdMmftX6ER0oiWY/w9knEonLpnOp6b6FenKnMfR8gqwWdwig=="
  "resolved" "https://registry.npmjs.org/smob/-/smob-1.5.0.tgz"
  "version" "1.5.0"

"source-map-support@~0.5.20":
  "integrity" "sha512-uBHU3L3czsIyYXKX88fdrGovxdSCoTGDRZ6SYXtSRxLZUzHg5P/66Ht6uoUlHu9EZod+inXhKo3qQgwXUT/y1w=="
  "resolved" "https://registry.npmjs.org/source-map-support/-/source-map-support-0.5.21.tgz"
  "version" "0.5.21"
  dependencies:
    "buffer-from" "^1.0.0"
    "source-map" "^0.6.0"

"source-map@^0.6.0":
  "integrity" "sha512-UjgapumWlbMhkBgzT7Ykc5YXUT46F0iKu8SGXq0bcwP5dz/h0Plj6enJqjz1Zbq2l5WaqYnrVbwWOWMyF3F47g=="
  "resolved" "https://registry.npmjs.org/source-map/-/source-map-0.6.1.tgz"
  "version" "0.6.1"

"source-map@^0.7.4":
  "integrity" "sha512-l3BikUxvPOcn5E74dZiq5BGsTb5yEwhaTSzccU6t4sDOH8NWJCstKO5QT2CvtFoK6F0saL7p9xHAqHOlCPJygA=="
  "resolved" "https://registry.npmjs.org/source-map/-/source-map-0.7.4.tgz"
  "version" "0.7.4"

"string-width@^4.1.0", "string-width@^4.2.0", "string-width@^4.2.3":
  "integrity" "sha512-wKyQRQpjJ0sIp62ErSZdGsjMJWsap5oRNihHhu6G7JVO/9jIB6UyevL+tXuOqrng8j/cxKTWyWUwvSTriiZz/g=="
  "resolved" "https://registry.npmjs.org/string-width/-/string-width-4.2.3.tgz"
  "version" "4.2.3"
  dependencies:
    "emoji-regex" "^8.0.0"
    "is-fullwidth-code-point" "^3.0.0"
    "strip-ansi" "^6.0.1"

"strip-ansi@^6.0.0", "strip-ansi@^6.0.1":
  "integrity" "sha512-Y38VPSHcqkFrCpFnQ9vuSXmquuv5oXOKpGeT6aGrr3o3Gc9AlVa6JBfUSOCnbxGGZF+/0ooI7KrPuUSztUdU5A=="
  "resolved" "https://registry.npmjs.org/strip-ansi/-/strip-ansi-6.0.1.tgz"
  "version" "6.0.1"
  dependencies:
    "ansi-regex" "^5.0.1"

"supports-preserve-symlinks-flag@^1.0.0":
  "integrity" "sha512-ot0WnXS9fgdkgIcePe6RHNk1WA8+muPa6cSjeR3V8K27q9BB1rTE3R1p7Hv0z1ZyAc8s6Vvv8DIyWf681MAt0w=="
  "resolved" "https://registry.npmjs.org/supports-preserve-symlinks-flag/-/supports-preserve-symlinks-flag-1.0.0.tgz"
  "version" "1.0.0"

"terser@^5.17.4":
  "integrity" "sha512-B8wRRkmre4ERucLM/uXx4MOV5cbnOlVAqUst+1+iLKPI0dOgFO28f84ptoQt9HEI537PMzfYa/d+GEPKTRXmYA=="
  "resolved" "https://registry.npmjs.org/terser/-/terser-5.37.0.tgz"
  "version" "5.37.0"
  dependencies:
    "@jridgewell/source-map" "^0.3.3"
    "acorn" "^8.8.2"
    "commander" "^2.20.0"
    "source-map-support" "~0.5.20"

"typescript@^5.8.2":
  "integrity" "sha512-aJn6wq13/afZp/jT9QZmwEjDqqvSGp1VT5GVg+f/t6/oVyrgXM6BY1h9BRh/O5p3PlUPAe+WuiEZOmb/49RqoQ=="
  "resolved" "https://registry.npmjs.org/typescript/-/typescript-5.8.2.tgz"
  "version" "5.8.2"

"wrap-ansi@^7.0.0":
  "integrity" "sha512-YVGIj2kamLSTxw6NsZjoBxfSwsn0ycdesmc4p+Q21c5zPuZ1pl+NfxVdxPtdHvmNVOQ6XSYG4AUtyt/Fi7D16Q=="
  "resolved" "https://registry.npmjs.org/wrap-ansi/-/wrap-ansi-7.0.0.tgz"
  "version" "7.0.0"
  dependencies:
    "ansi-styles" "^4.0.0"
    "string-width" "^4.1.0"
    "strip-ansi" "^6.0.0"

"y18n@^5.0.5":
  "integrity" "sha512-0pfFzegeDWJHJIAmTLRP2DwHjdF5s7jo9tuztdQxAhINCdvS+3nGINqPd00AphqJR/0LhANUS6/+7SCb98YOfA=="
  "resolved" "https://registry.npmjs.org/y18n/-/y18n-5.0.8.tgz"
  "version" "5.0.8"

"yargs-parser@^21.1.1":
  "integrity" "sha512-tVpsJW7DdjecAiFpbIB1e3qxIQsE6NoPc5/eTdrbbIC4h0LVsWhnoa3g+m2HclBIujHzsxZ4VJVA+GUuc2/LBw=="
  "resolved" "https://registry.npmjs.org/yargs-parser/-/yargs-parser-21.1.1.tgz"
  "version" "21.1.1"

"yargs@^17.5.1":
  "integrity" "sha512-7dSzzRQ++CKnNI/krKnYRV7JKKPUXMEh61soaHKg9mrWEhzFWhFnxPxGl+69cD1Ou63C13NUPCnmIcrvqCuM6w=="
  "resolved" "https://registry.npmjs.org/yargs/-/yargs-17.7.2.tgz"
  "version" "17.7.2"
  dependencies:
    "cliui" "^8.0.1"
    "escalade" "^3.1.1"
    "get-caller-file" "^2.0.5"
    "require-directory" "^2.1.1"
    "string-width" "^4.2.3"
    "y18n" "^5.0.5"
    "yargs-parser" "^21.1.1"
